
Microsoft Visual Studio Solution File, Format Version 12.00
# Visual Studio Version 16
VisualStudioVersion = 25.0.1705.6
MinimumVisualStudioVersion = 10.0.40219.1
Project("{FAE04EC0-301F-11D3-BF4B-00C04F79EFBC}") = "DotnetMailMerge", "DotnetMailMerge\DotnetMailMerge.csproj", "{880E5CF3-F74B-4D17-A5B5-474BAED686B8}"
EndProject
Project("{FAE04EC0-301F-11D3-BF4B-00C04F79EFBC}") = "DotnetMailMerge.Tests", "DotnetMailMerge.Tests\DotnetMailMerge.Tests.csproj", "{58F85053-54C9-4593-B0E4-9CE192E8526B}"
EndProject
Global
	GlobalSection(SolutionConfigurationPlatforms) = preSolution
		Debug|Any CPU = Debug|Any CPU
		Release|Any CPU = Release|Any CPU
	EndGlobalSection
	GlobalSection(ProjectConfigurationPlatforms) = postSolution
		{880E5CF3-F74B-4D17-A5B5-474BAED686B8}.Debug|Any CPU.ActiveCfg = Debug|Any CPU
		{880E5CF3-F74B-4D17-A5B5-474BAED686B8}.Debug|Any CPU.Build.0 = Debug|Any CPU
		{880E5CF3-F74B-4D17-A5B5-474BAED686B8}.Release|Any CPU.ActiveCfg = Release|Any CPU
		{880E5CF3-F74B-4D17-A5B5-474BAED686B8}.Release|Any CPU.Build.0 = Release|Any CPU
		{58F85053-54C9-4593-B0E4-9CE192E8526B}.Debug|Any CPU.ActiveCfg = Debug|Any CPU
		{58F85053-54C9-4593-B0E4-9CE192E8526B}.Debug|Any CPU.Build.0 = Debug|Any CPU
		{58F85053-54C9-4593-B0E4-9CE192E8526B}.Release|Any CPU.ActiveCfg = Release|Any CPU
		{58F85053-54C9-4593-B0E4-9CE192E8526B}.Release|Any CPU.Build.0 = Release|Any CPU
	EndGlobalSection
	GlobalSection(SolutionProperties) = preSolution
		HideSolutionNode = FALSE
	EndGlobalSection
	GlobalSection(ExtensibilityGlobals) = postSolution
		SolutionGuid = {46C1C881-DA87-4178-BF78-0A4531663946}
	EndGlobalSection
EndGlobal
